
Microsoft Visual Studio Solution File, Format Version 12.00
# Visual Studio Version 16
VisualStudioVersion = 16.0.31005.135
MinimumVisualStudioVersion = 10.0.40219.1
Project("{FAE04EC0-301F-11D3-BF4B-00C04F79EFBC}") = "Messaging", "Messaging\Messaging.csproj", "{08F9C63C-1763-4299-9A7B-77BC73675A4A}"
EndProject
Global
	GlobalSection(SolutionConfigurationPlatforms) = preSolution
		Debug|Any CPU = Debug|Any CPU
		Release|Any CPU = Release|Any CPU
	EndGlobalSection
	GlobalSection(ProjectConfigurationPlatforms) = postSolution
		{08F9C63C-1763-4299-9A7B-77BC73675A4A}.Debug|Any CPU.ActiveCfg = Debug|Any CPU
		{08F9C63C-1763-4299-9A7B-77BC73675A4A}.Debug|Any CPU.Build.0 = Debug|Any CPU
		{08F9C63C-1763-4299-9A7B-77BC73675A4A}.Release|Any CPU.ActiveCfg = Release|Any CPU
		{08F9C63C-1763-4299-9A7B-77BC73675A4A}.Release|Any CPU.Build.0 = Release|Any CPU
	EndGlobalSection
	GlobalSection(SolutionProperties) = preSolution
		HideSolutionNode = FALSE
	EndGlobalSection
	GlobalSection(ExtensibilityGlobals) = postSolution
		SolutionGuid = {BBB2FBDF-7EFD-4D7D-BC83-B835A543145A}
	EndGlobalSection
EndGlobal
